
Microsoft Visual Studio Solution File, Format Version 12.00
# Visual Studio Version 17
VisualStudioVersion = 17.8.34316.72
MinimumVisualStudioVersion = 10.0.40219.1
Project("{FAE04EC0-301F-11D3-BF4B-00C04F79EFBC}") = "Arrays.LinearSearch", "Arrays.LinearSearch\Arrays.LinearSearch.csproj", "{7363A5E4-B1E8-4D93-A6C4-46E834E1462E}"
EndProject
Project("{FAE04EC0-301F-11D3-BF4B-00C04F79EFBC}") = "Array.Utils", "Array.Utils\Array.Utils.csproj", "{E69E3621-C510-4AFB-80CF-5A6E39AF17BE}"
EndProject
Project("{FAE04EC0-301F-11D3-BF4B-00C04F79EFBC}") = "Arrays.BinarySearch.Iterative", "Arrays.BinarySearch.Iterative\Arrays.BinarySearch.Iterative.csproj", "{E3C2EA3E-CBFF-4C75-8F87-5D756DC5E2B0}"
EndProject
Project("{FAE04EC0-301F-11D3-BF4B-00C04F79EFBC}") = "Arrays.BinarySearch.Recursive", "Arrays.BinarySearch.Recursive\Arrays.BinarySearch.Recursive.csproj", "{0C621C9F-0E29-4DE6-AFE4-2F82E9D75843}"
EndProject
Global
	GlobalSection(SolutionConfigurationPlatforms) = preSolution
		Debug|Any CPU = Debug|Any CPU
		Release|Any CPU = Release|Any CPU
	EndGlobalSection
	GlobalSection(ProjectConfigurationPlatforms) = postSolution
		{7363A5E4-B1E8-4D93-A6C4-46E834E1462E}.Debug|Any CPU.ActiveCfg = Debug|Any CPU
		{7363A5E4-B1E8-4D93-A6C4-46E834E1462E}.Debug|Any CPU.Build.0 = Debug|Any CPU
		{7363A5E4-B1E8-4D93-A6C4-46E834E1462E}.Release|Any CPU.ActiveCfg = Release|Any CPU
		{7363A5E4-B1E8-4D93-A6C4-46E834E1462E}.Release|Any CPU.Build.0 = Release|Any CPU
		{E69E3621-C510-4AFB-80CF-5A6E39AF17BE}.Debug|Any CPU.ActiveCfg = Debug|Any CPU
		{E69E3621-C510-4AFB-80CF-5A6E39AF17BE}.Debug|Any CPU.Build.0 = Debug|Any CPU
		{E69E3621-C510-4AFB-80CF-5A6E39AF17BE}.Release|Any CPU.ActiveCfg = Release|Any CPU
		{E69E3621-C510-4AFB-80CF-5A6E39AF17BE}.Release|Any CPU.Build.0 = Release|Any CPU
		{E3C2EA3E-CBFF-4C75-8F87-5D756DC5E2B0}.Debug|Any CPU.ActiveCfg = Debug|Any CPU
		{E3C2EA3E-CBFF-4C75-8F87-5D756DC5E2B0}.Debug|Any CPU.Build.0 = Debug|Any CPU
		{E3C2EA3E-CBFF-4C75-8F87-5D756DC5E2B0}.Release|Any CPU.ActiveCfg = Release|Any CPU
		{E3C2EA3E-CBFF-4C75-8F87-5D756DC5E2B0}.Release|Any CPU.Build.0 = Release|Any CPU
		{0C621C9F-0E29-4DE6-AFE4-2F82E9D75843}.Debug|Any CPU.ActiveCfg = Debug|Any CPU
		{0C621C9F-0E29-4DE6-AFE4-2F82E9D75843}.Debug|Any CPU.Build.0 = Debug|Any CPU
		{0C621C9F-0E29-4DE6-AFE4-2F82E9D75843}.Release|Any CPU.ActiveCfg = Release|Any CPU
		{0C621C9F-0E29-4DE6-AFE4-2F82E9D75843}.Release|Any CPU.Build.0 = Release|Any CPU
	EndGlobalSection
	GlobalSection(SolutionProperties) = preSolution
		HideSolutionNode = FALSE
	EndGlobalSection
	GlobalSection(ExtensibilityGlobals) = postSolution
		SolutionGuid = {ACA89CC3-AB6C-4ED0-AE74-F84C9E23B7D0}
	EndGlobalSection
EndGlobal
