
Microsoft Visual Studio Solution File, Format Version 12.00
# Visual Studio Version 17
VisualStudioVersion = 17.8.34316.72
MinimumVisualStudioVersion = 10.0.40219.1
Project("{9A19103F-16F7-4668-BE54-9A1E7A4F7556}") = "Arrays.LinearSearch", "Arrays.LinearSearch\Arrays.LinearSearch.csproj", "{7363A5E4-B1E8-4D93-A6C4-46E834E1462E}"
EndProject
Project("{9A19103F-16F7-4668-BE54-9A1E7A4F7556}") = "Arrays.BinarySearch.Iterative", "Arrays.BinarySearch.Iterative\Arrays.BinarySearch.Iterative.csproj", "{E3C2EA3E-CBFF-4C75-8F87-5D756DC5E2B0}"
EndProject
Project("{9A19103F-16F7-4668-BE54-9A1E7A4F7556}") = "Arrays.BinarySearch.Recursive", "Arrays.BinarySearch.Recursive\Arrays.BinarySearch.Recursive.csproj", "{0C621C9F-0E29-4DE6-AFE4-2F82E9D75843}"
EndProject
Project("{9A19103F-16F7-4668-BE54-9A1E7A4F7556}") = "Arrays.Reverse", "Arrays.Reverse\Arrays.Reverse.csproj", "{4432448A-018E-472D-98F7-0C74F57888D2}"
EndProject
Project("{9A19103F-16F7-4668-BE54-9A1E7A4F7556}") = "Arrays.Reverse.Recursive", "Arrays.Reverse.Recursive\Arrays.Reverse.Recursive.csproj", "{9C03D136-B1AB-461C-A17C-6C20FBF33F91}"
EndProject
Project("{9A19103F-16F7-4668-BE54-9A1E7A4F7556}") = "Arrays.Rotation.OneByOne", "Arrays.Rotation.OneByOne\Arrays.Rotation.OneByOne.csproj", "{72444DEE-018B-4AD8-8E6D-14B3368F8765}"
EndProject
Project("{9A19103F-16F7-4668-BE54-9A1E7A4F7556}") = "Array.Rotation.TempArray", "Array.Rotation.TempArray\Array.Rotation.TempArray.csproj", "{BB103428-7BDB-4435-B4F9-69277B389D30}"
EndProject
Project("{9A19103F-16F7-4668-BE54-9A1E7A4F7556}") = "Array.Rotation.Juggling", "Array.Rotation.Juggling\Array.Rotation.Juggling.csproj", "{34506E2D-9580-4FB6-B235-7FAF90EB09D8}"
EndProject
Project("{9A19103F-16F7-4668-BE54-9A1E7A4F7556}") = "Arrays.Unsorted.Search", "Arrays.Unsorted.Search\Arrays.Unsorted.Search.csproj", "{B7FBB77B-35DF-41C3-9BCE-80C8B4FDCEE4}"
EndProject
Project("{9A19103F-16F7-4668-BE54-9A1E7A4F7556}") = "Array.Unsorted.Insert", "Array.Unsorted.Insert\Array.Unsorted.Insert.csproj", "{15EC7440-AB9F-405D-A2CB-9E87021F95F2}"
EndProject
Project("{9A19103F-16F7-4668-BE54-9A1E7A4F7556}") = "Array.Unsorted.Delete", "Array.Unsorted.Delete\Array.Unsorted.Delete.csproj", "{118495D5-8E20-4038-9BCE-3FDC559165F8}"
EndProject
Project("{9A19103F-16F7-4668-BE54-9A1E7A4F7556}") = "Arrays.Sorted.Search", "Arrays.Sorted.Search\Arrays.Sorted.Search.csproj", "{84CBB934-C8C2-40D5-BCE4-1DDE907D2C75}"
EndProject
Project("{9A19103F-16F7-4668-BE54-9A1E7A4F7556}") = "Arrays.Sorted.Insert", "Arrays.Sorted.Insert\Arrays.Sorted.Insert.csproj", "{EB848B1F-0120-40CC-8E82-D16A4CACF124}"
EndProject
Project("{9A19103F-16F7-4668-BE54-9A1E7A4F7556}") = "Arrays.Sorted.Delete", "Arrays.Sorted.Delete\Arrays.Sorted.Delete.csproj", "{8D26A15B-FEAF-43FD-A204-E1BDC65DD4A2}"
EndProject
Project("{9A19103F-16F7-4668-BE54-9A1E7A4F7556}") = "Array.Utils", "..\Common\Array.Utils\Array.Utils.csproj", "{30EC8DC5-1166-4AB6-860B-F113BF88794F}"
EndProject
Project("{2150E333-8FDC-42A3-9474-1A3956D46DE8}") = "Theory", "Theory", "{62B23D84-8FA7-44EE-B706-4A01CAA6A495}"
EndProject
Project("{2150E333-8FDC-42A3-9474-1A3956D46DE8}") = "Problems", "Problems", "{EF424B3B-72CE-4D3D-BB3A-E7EFE4E1F83A}"
EndProject
Project("{9A19103F-16F7-4668-BE54-9A1E7A4F7556}") = "Array.Problems.LargestThree", "Array.Problems.LargestThree\Array.Problems.LargestThree.csproj", "{E734DE71-2560-49A9-ABDB-A83A4B241859}"
EndProject
Project("{9A19103F-16F7-4668-BE54-9A1E7A4F7556}") = "Array.Problems.SecondLargest", "Array.Problems.SecondLargest\Array.Problems.SecondLargest.csproj", "{D7393481-A332-4C7D-91B9-47D1584A1D88}"
EndProject
Project("{9A19103F-16F7-4668-BE54-9A1E7A4F7556}") = "Arrays.Problems.AllZeroesToEnd", "Arrays.Problems.AllZeroesToEnd\Arrays.Problems.AllZeroesToEnd.csproj", "{BCA3420C-198F-4C18-B499-89FE79B9F1D6}"
EndProject
Project("{9A19103F-16F7-4668-BE54-9A1E7A4F7556}") = "Array.Problems.RearrangeEvenOdd", "Array.Problems.RearrangeEvenOdd\Array.Problems.RearrangeEvenOdd.csproj", "{F7BCCAEC-12F9-40D5-BAF1-71116470271B}"
EndProject
Project("{9A19103F-16F7-4668-BE54-9A1E7A4F7556}") = "Array.Problems.MaxMinTwoPtr", "Array.Problems.MaxMinTwoPtr\Array.Problems.MaxMinTwoPtr.csproj", "{E995FA86-4D85-423C-8804-BA7F50D31E3B}"
EndProject
Project("{9A19103F-16F7-4668-BE54-9A1E7A4F7556}") = "Array.Problems.EvenOddLomuto", "Array.Problems.EvenOddLomuto\Array.Problems.EvenOddLomuto.csproj", "{7DE7F223-26EA-4028-97FA-08FD68A52AF4}"
EndProject
Project("{9A19103F-16F7-4668-BE54-9A1E7A4F7556}") = "Array.Problems.RotationWithReversal", "Array.Problems.RotationWithReversal\Array.Problems.RotationWithReversal.csproj", "{DE39F7C0-EE70-4B6A-A34A-7C1233B4DDF5}"
EndProject
Project("{9A19103F-16F7-4668-BE54-9A1E7A4F7556}") = "Array.Problems.Rotation.InOnO1Time", "Array.Problems.Rotation.InOnO1Time\Array.Problems.Rotation.InOnO1Time.csproj", "{790F98CA-367F-4D75-A9A4-ABD054E875D6}"
EndProject
Project("{9A19103F-16F7-4668-BE54-9A1E7A4F7556}") = "Array.Problems.WaveForm", "Array.Problems.WaveForm\Array.Problems.WaveForm.csproj", "{1C4E6CF4-494D-4918-AF4E-8F1DAC3C43AD}"
EndProject
Project("{9A19103F-16F7-4668-BE54-9A1E7A4F7556}") = "Array.Problems.SortArray", "Array.Problems.SortArray\Array.Problems.SortArray.csproj", "{A662349F-38DD-4E9A-A4FB-03C8BCD4DC22}"
EndProject
Project("{9A19103F-16F7-4668-BE54-9A1E7A4F7556}") = "Array.Problems.Triangle", "Array.Problems.Triangle\Array.Problems.Triangle.csproj", "{36E8A6B4-0E9E-44BD-BEB6-710626F8A0EC}"
EndProject
Project("{9A19103F-16F7-4668-BE54-9A1E7A4F7556}") = "Array.Problems.DistinctElements", "Array.Problems.Integers\Array.Problems.DistinctElements.csproj", "{33988C0F-BE99-4088-A33D-F5CA44D411CB}"
EndProject
Project("{9A19103F-16F7-4668-BE54-9A1E7A4F7556}") = "Array.Problems.FindElementAppearsOnce", "Array.Problems.FindElementAppearsOnce\Array.Problems.FindElementAppearsOnce.csproj", "{589BC55C-E09D-4291-806B-838C1C64FC58}"
EndProject
Project("{FAE04EC0-301F-11D3-BF4B-00C04F79EFBC}") = "Array.Problems.Leaders", "Array.Problems.Leaders\Array.Problems.Leaders.csproj", "{7F5E332A-C28C-4D14-963C-86873D685340}"
EndProject
Project("{FAE04EC0-301F-11D3-BF4B-00C04F79EFBC}") = "Array.SubarrayGivenSum", "Array.SubarrayGivenSum\Array.SubarrayGivenSum.csproj", "{693213A7-C507-49F9-9458-3C3A0C453277}"
EndProject
Global
	GlobalSection(SolutionConfigurationPlatforms) = preSolution
		Debug|Any CPU = Debug|Any CPU
		Release|Any CPU = Release|Any CPU
	EndGlobalSection
	GlobalSection(ProjectConfigurationPlatforms) = postSolution
		{7363A5E4-B1E8-4D93-A6C4-46E834E1462E}.Debug|Any CPU.ActiveCfg = Debug|Any CPU
		{7363A5E4-B1E8-4D93-A6C4-46E834E1462E}.Debug|Any CPU.Build.0 = Debug|Any CPU
		{7363A5E4-B1E8-4D93-A6C4-46E834E1462E}.Release|Any CPU.ActiveCfg = Release|Any CPU
		{7363A5E4-B1E8-4D93-A6C4-46E834E1462E}.Release|Any CPU.Build.0 = Release|Any CPU
		{E3C2EA3E-CBFF-4C75-8F87-5D756DC5E2B0}.Debug|Any CPU.ActiveCfg = Debug|Any CPU
		{E3C2EA3E-CBFF-4C75-8F87-5D756DC5E2B0}.Debug|Any CPU.Build.0 = Debug|Any CPU
		{E3C2EA3E-CBFF-4C75-8F87-5D756DC5E2B0}.Release|Any CPU.ActiveCfg = Release|Any CPU
		{E3C2EA3E-CBFF-4C75-8F87-5D756DC5E2B0}.Release|Any CPU.Build.0 = Release|Any CPU
		{0C621C9F-0E29-4DE6-AFE4-2F82E9D75843}.Debug|Any CPU.ActiveCfg = Debug|Any CPU
		{0C621C9F-0E29-4DE6-AFE4-2F82E9D75843}.Debug|Any CPU.Build.0 = Debug|Any CPU
		{0C621C9F-0E29-4DE6-AFE4-2F82E9D75843}.Release|Any CPU.ActiveCfg = Release|Any CPU
		{0C621C9F-0E29-4DE6-AFE4-2F82E9D75843}.Release|Any CPU.Build.0 = Release|Any CPU
		{4432448A-018E-472D-98F7-0C74F57888D2}.Debug|Any CPU.ActiveCfg = Debug|Any CPU
		{4432448A-018E-472D-98F7-0C74F57888D2}.Debug|Any CPU.Build.0 = Debug|Any CPU
		{4432448A-018E-472D-98F7-0C74F57888D2}.Release|Any CPU.ActiveCfg = Release|Any CPU
		{4432448A-018E-472D-98F7-0C74F57888D2}.Release|Any CPU.Build.0 = Release|Any CPU
		{9C03D136-B1AB-461C-A17C-6C20FBF33F91}.Debug|Any CPU.ActiveCfg = Debug|Any CPU
		{9C03D136-B1AB-461C-A17C-6C20FBF33F91}.Debug|Any CPU.Build.0 = Debug|Any CPU
		{9C03D136-B1AB-461C-A17C-6C20FBF33F91}.Release|Any CPU.ActiveCfg = Release|Any CPU
		{9C03D136-B1AB-461C-A17C-6C20FBF33F91}.Release|Any CPU.Build.0 = Release|Any CPU
		{72444DEE-018B-4AD8-8E6D-14B3368F8765}.Debug|Any CPU.ActiveCfg = Debug|Any CPU
		{72444DEE-018B-4AD8-8E6D-14B3368F8765}.Debug|Any CPU.Build.0 = Debug|Any CPU
		{72444DEE-018B-4AD8-8E6D-14B3368F8765}.Release|Any CPU.ActiveCfg = Release|Any CPU
		{72444DEE-018B-4AD8-8E6D-14B3368F8765}.Release|Any CPU.Build.0 = Release|Any CPU
		{BB103428-7BDB-4435-B4F9-69277B389D30}.Debug|Any CPU.ActiveCfg = Debug|Any CPU
		{BB103428-7BDB-4435-B4F9-69277B389D30}.Debug|Any CPU.Build.0 = Debug|Any CPU
		{BB103428-7BDB-4435-B4F9-69277B389D30}.Release|Any CPU.ActiveCfg = Release|Any CPU
		{BB103428-7BDB-4435-B4F9-69277B389D30}.Release|Any CPU.Build.0 = Release|Any CPU
		{34506E2D-9580-4FB6-B235-7FAF90EB09D8}.Debug|Any CPU.ActiveCfg = Debug|Any CPU
		{34506E2D-9580-4FB6-B235-7FAF90EB09D8}.Debug|Any CPU.Build.0 = Debug|Any CPU
		{34506E2D-9580-4FB6-B235-7FAF90EB09D8}.Release|Any CPU.ActiveCfg = Release|Any CPU
		{34506E2D-9580-4FB6-B235-7FAF90EB09D8}.Release|Any CPU.Build.0 = Release|Any CPU
		{B7FBB77B-35DF-41C3-9BCE-80C8B4FDCEE4}.Debug|Any CPU.ActiveCfg = Debug|Any CPU
		{B7FBB77B-35DF-41C3-9BCE-80C8B4FDCEE4}.Debug|Any CPU.Build.0 = Debug|Any CPU
		{B7FBB77B-35DF-41C3-9BCE-80C8B4FDCEE4}.Release|Any CPU.ActiveCfg = Release|Any CPU
		{B7FBB77B-35DF-41C3-9BCE-80C8B4FDCEE4}.Release|Any CPU.Build.0 = Release|Any CPU
		{15EC7440-AB9F-405D-A2CB-9E87021F95F2}.Debug|Any CPU.ActiveCfg = Debug|Any CPU
		{15EC7440-AB9F-405D-A2CB-9E87021F95F2}.Debug|Any CPU.Build.0 = Debug|Any CPU
		{15EC7440-AB9F-405D-A2CB-9E87021F95F2}.Release|Any CPU.ActiveCfg = Release|Any CPU
		{15EC7440-AB9F-405D-A2CB-9E87021F95F2}.Release|Any CPU.Build.0 = Release|Any CPU
		{118495D5-8E20-4038-9BCE-3FDC559165F8}.Debug|Any CPU.ActiveCfg = Debug|Any CPU
		{118495D5-8E20-4038-9BCE-3FDC559165F8}.Debug|Any CPU.Build.0 = Debug|Any CPU
		{118495D5-8E20-4038-9BCE-3FDC559165F8}.Release|Any CPU.ActiveCfg = Release|Any CPU
		{118495D5-8E20-4038-9BCE-3FDC559165F8}.Release|Any CPU.Build.0 = Release|Any CPU
		{84CBB934-C8C2-40D5-BCE4-1DDE907D2C75}.Debug|Any CPU.ActiveCfg = Debug|Any CPU
		{84CBB934-C8C2-40D5-BCE4-1DDE907D2C75}.Debug|Any CPU.Build.0 = Debug|Any CPU
		{84CBB934-C8C2-40D5-BCE4-1DDE907D2C75}.Release|Any CPU.ActiveCfg = Release|Any CPU
		{84CBB934-C8C2-40D5-BCE4-1DDE907D2C75}.Release|Any CPU.Build.0 = Release|Any CPU
		{EB848B1F-0120-40CC-8E82-D16A4CACF124}.Debug|Any CPU.ActiveCfg = Debug|Any CPU
		{EB848B1F-0120-40CC-8E82-D16A4CACF124}.Debug|Any CPU.Build.0 = Debug|Any CPU
		{EB848B1F-0120-40CC-8E82-D16A4CACF124}.Release|Any CPU.ActiveCfg = Release|Any CPU
		{EB848B1F-0120-40CC-8E82-D16A4CACF124}.Release|Any CPU.Build.0 = Release|Any CPU
		{8D26A15B-FEAF-43FD-A204-E1BDC65DD4A2}.Debug|Any CPU.ActiveCfg = Debug|Any CPU
		{8D26A15B-FEAF-43FD-A204-E1BDC65DD4A2}.Debug|Any CPU.Build.0 = Debug|Any CPU
		{8D26A15B-FEAF-43FD-A204-E1BDC65DD4A2}.Release|Any CPU.ActiveCfg = Release|Any CPU
		{8D26A15B-FEAF-43FD-A204-E1BDC65DD4A2}.Release|Any CPU.Build.0 = Release|Any CPU
		{30EC8DC5-1166-4AB6-860B-F113BF88794F}.Debug|Any CPU.ActiveCfg = Debug|Any CPU
		{30EC8DC5-1166-4AB6-860B-F113BF88794F}.Debug|Any CPU.Build.0 = Debug|Any CPU
		{30EC8DC5-1166-4AB6-860B-F113BF88794F}.Release|Any CPU.ActiveCfg = Release|Any CPU
		{30EC8DC5-1166-4AB6-860B-F113BF88794F}.Release|Any CPU.Build.0 = Release|Any CPU
		{E734DE71-2560-49A9-ABDB-A83A4B241859}.Debug|Any CPU.ActiveCfg = Debug|Any CPU
		{E734DE71-2560-49A9-ABDB-A83A4B241859}.Debug|Any CPU.Build.0 = Debug|Any CPU
		{E734DE71-2560-49A9-ABDB-A83A4B241859}.Release|Any CPU.ActiveCfg = Release|Any CPU
		{E734DE71-2560-49A9-ABDB-A83A4B241859}.Release|Any CPU.Build.0 = Release|Any CPU
		{D7393481-A332-4C7D-91B9-47D1584A1D88}.Debug|Any CPU.ActiveCfg = Debug|Any CPU
		{D7393481-A332-4C7D-91B9-47D1584A1D88}.Debug|Any CPU.Build.0 = Debug|Any CPU
		{D7393481-A332-4C7D-91B9-47D1584A1D88}.Release|Any CPU.ActiveCfg = Release|Any CPU
		{D7393481-A332-4C7D-91B9-47D1584A1D88}.Release|Any CPU.Build.0 = Release|Any CPU
		{BCA3420C-198F-4C18-B499-89FE79B9F1D6}.Debug|Any CPU.ActiveCfg = Debug|Any CPU
		{BCA3420C-198F-4C18-B499-89FE79B9F1D6}.Debug|Any CPU.Build.0 = Debug|Any CPU
		{BCA3420C-198F-4C18-B499-89FE79B9F1D6}.Release|Any CPU.ActiveCfg = Release|Any CPU
		{BCA3420C-198F-4C18-B499-89FE79B9F1D6}.Release|Any CPU.Build.0 = Release|Any CPU
		{F7BCCAEC-12F9-40D5-BAF1-71116470271B}.Debug|Any CPU.ActiveCfg = Debug|Any CPU
		{F7BCCAEC-12F9-40D5-BAF1-71116470271B}.Debug|Any CPU.Build.0 = Debug|Any CPU
		{F7BCCAEC-12F9-40D5-BAF1-71116470271B}.Release|Any CPU.ActiveCfg = Release|Any CPU
		{F7BCCAEC-12F9-40D5-BAF1-71116470271B}.Release|Any CPU.Build.0 = Release|Any CPU
		{E995FA86-4D85-423C-8804-BA7F50D31E3B}.Debug|Any CPU.ActiveCfg = Debug|Any CPU
		{E995FA86-4D85-423C-8804-BA7F50D31E3B}.Debug|Any CPU.Build.0 = Debug|Any CPU
		{E995FA86-4D85-423C-8804-BA7F50D31E3B}.Release|Any CPU.ActiveCfg = Release|Any CPU
		{E995FA86-4D85-423C-8804-BA7F50D31E3B}.Release|Any CPU.Build.0 = Release|Any CPU
		{7DE7F223-26EA-4028-97FA-08FD68A52AF4}.Debug|Any CPU.ActiveCfg = Debug|Any CPU
		{7DE7F223-26EA-4028-97FA-08FD68A52AF4}.Debug|Any CPU.Build.0 = Debug|Any CPU
		{7DE7F223-26EA-4028-97FA-08FD68A52AF4}.Release|Any CPU.ActiveCfg = Release|Any CPU
		{7DE7F223-26EA-4028-97FA-08FD68A52AF4}.Release|Any CPU.Build.0 = Release|Any CPU
		{DE39F7C0-EE70-4B6A-A34A-7C1233B4DDF5}.Debug|Any CPU.ActiveCfg = Debug|Any CPU
		{DE39F7C0-EE70-4B6A-A34A-7C1233B4DDF5}.Debug|Any CPU.Build.0 = Debug|Any CPU
		{DE39F7C0-EE70-4B6A-A34A-7C1233B4DDF5}.Release|Any CPU.ActiveCfg = Release|Any CPU
		{DE39F7C0-EE70-4B6A-A34A-7C1233B4DDF5}.Release|Any CPU.Build.0 = Release|Any CPU
		{790F98CA-367F-4D75-A9A4-ABD054E875D6}.Debug|Any CPU.ActiveCfg = Debug|Any CPU
		{790F98CA-367F-4D75-A9A4-ABD054E875D6}.Debug|Any CPU.Build.0 = Debug|Any CPU
		{790F98CA-367F-4D75-A9A4-ABD054E875D6}.Release|Any CPU.ActiveCfg = Release|Any CPU
		{790F98CA-367F-4D75-A9A4-ABD054E875D6}.Release|Any CPU.Build.0 = Release|Any CPU
		{1C4E6CF4-494D-4918-AF4E-8F1DAC3C43AD}.Debug|Any CPU.ActiveCfg = Debug|Any CPU
		{1C4E6CF4-494D-4918-AF4E-8F1DAC3C43AD}.Debug|Any CPU.Build.0 = Debug|Any CPU
		{1C4E6CF4-494D-4918-AF4E-8F1DAC3C43AD}.Release|Any CPU.ActiveCfg = Release|Any CPU
		{1C4E6CF4-494D-4918-AF4E-8F1DAC3C43AD}.Release|Any CPU.Build.0 = Release|Any CPU
		{A662349F-38DD-4E9A-A4FB-03C8BCD4DC22}.Debug|Any CPU.ActiveCfg = Debug|Any CPU
		{A662349F-38DD-4E9A-A4FB-03C8BCD4DC22}.Debug|Any CPU.Build.0 = Debug|Any CPU
		{A662349F-38DD-4E9A-A4FB-03C8BCD4DC22}.Release|Any CPU.ActiveCfg = Release|Any CPU
		{A662349F-38DD-4E9A-A4FB-03C8BCD4DC22}.Release|Any CPU.Build.0 = Release|Any CPU
		{36E8A6B4-0E9E-44BD-BEB6-710626F8A0EC}.Debug|Any CPU.ActiveCfg = Debug|Any CPU
		{36E8A6B4-0E9E-44BD-BEB6-710626F8A0EC}.Debug|Any CPU.Build.0 = Debug|Any CPU
		{36E8A6B4-0E9E-44BD-BEB6-710626F8A0EC}.Release|Any CPU.ActiveCfg = Release|Any CPU
		{36E8A6B4-0E9E-44BD-BEB6-710626F8A0EC}.Release|Any CPU.Build.0 = Release|Any CPU
		{33988C0F-BE99-4088-A33D-F5CA44D411CB}.Debug|Any CPU.ActiveCfg = Debug|Any CPU
		{33988C0F-BE99-4088-A33D-F5CA44D411CB}.Debug|Any CPU.Build.0 = Debug|Any CPU
		{33988C0F-BE99-4088-A33D-F5CA44D411CB}.Release|Any CPU.ActiveCfg = Release|Any CPU
		{33988C0F-BE99-4088-A33D-F5CA44D411CB}.Release|Any CPU.Build.0 = Release|Any CPU
		{589BC55C-E09D-4291-806B-838C1C64FC58}.Debug|Any CPU.ActiveCfg = Debug|Any CPU
		{589BC55C-E09D-4291-806B-838C1C64FC58}.Debug|Any CPU.Build.0 = Debug|Any CPU
		{589BC55C-E09D-4291-806B-838C1C64FC58}.Release|Any CPU.ActiveCfg = Release|Any CPU
		{589BC55C-E09D-4291-806B-838C1C64FC58}.Release|Any CPU.Build.0 = Release|Any CPU
		{7F5E332A-C28C-4D14-963C-86873D685340}.Debug|Any CPU.ActiveCfg = Debug|Any CPU
		{7F5E332A-C28C-4D14-963C-86873D685340}.Debug|Any CPU.Build.0 = Debug|Any CPU
		{7F5E332A-C28C-4D14-963C-86873D685340}.Release|Any CPU.ActiveCfg = Release|Any CPU
		{7F5E332A-C28C-4D14-963C-86873D685340}.Release|Any CPU.Build.0 = Release|Any CPU
		{693213A7-C507-49F9-9458-3C3A0C453277}.Debug|Any CPU.ActiveCfg = Debug|Any CPU
		{693213A7-C507-49F9-9458-3C3A0C453277}.Debug|Any CPU.Build.0 = Debug|Any CPU
		{693213A7-C507-49F9-9458-3C3A0C453277}.Release|Any CPU.ActiveCfg = Release|Any CPU
		{693213A7-C507-49F9-9458-3C3A0C453277}.Release|Any CPU.Build.0 = Release|Any CPU
	EndGlobalSection
	GlobalSection(SolutionProperties) = preSolution
		HideSolutionNode = FALSE
	EndGlobalSection
	GlobalSection(NestedProjects) = preSolution
		{7363A5E4-B1E8-4D93-A6C4-46E834E1462E} = {62B23D84-8FA7-44EE-B706-4A01CAA6A495}
		{E3C2EA3E-CBFF-4C75-8F87-5D756DC5E2B0} = {62B23D84-8FA7-44EE-B706-4A01CAA6A495}
		{0C621C9F-0E29-4DE6-AFE4-2F82E9D75843} = {62B23D84-8FA7-44EE-B706-4A01CAA6A495}
		{4432448A-018E-472D-98F7-0C74F57888D2} = {62B23D84-8FA7-44EE-B706-4A01CAA6A495}
		{9C03D136-B1AB-461C-A17C-6C20FBF33F91} = {62B23D84-8FA7-44EE-B706-4A01CAA6A495}
		{72444DEE-018B-4AD8-8E6D-14B3368F8765} = {62B23D84-8FA7-44EE-B706-4A01CAA6A495}
		{BB103428-7BDB-4435-B4F9-69277B389D30} = {62B23D84-8FA7-44EE-B706-4A01CAA6A495}
		{34506E2D-9580-4FB6-B235-7FAF90EB09D8} = {62B23D84-8FA7-44EE-B706-4A01CAA6A495}
		{B7FBB77B-35DF-41C3-9BCE-80C8B4FDCEE4} = {62B23D84-8FA7-44EE-B706-4A01CAA6A495}
		{15EC7440-AB9F-405D-A2CB-9E87021F95F2} = {62B23D84-8FA7-44EE-B706-4A01CAA6A495}
		{118495D5-8E20-4038-9BCE-3FDC559165F8} = {62B23D84-8FA7-44EE-B706-4A01CAA6A495}
		{84CBB934-C8C2-40D5-BCE4-1DDE907D2C75} = {62B23D84-8FA7-44EE-B706-4A01CAA6A495}
		{EB848B1F-0120-40CC-8E82-D16A4CACF124} = {62B23D84-8FA7-44EE-B706-4A01CAA6A495}
		{8D26A15B-FEAF-43FD-A204-E1BDC65DD4A2} = {62B23D84-8FA7-44EE-B706-4A01CAA6A495}
		{30EC8DC5-1166-4AB6-860B-F113BF88794F} = {62B23D84-8FA7-44EE-B706-4A01CAA6A495}
		{E734DE71-2560-49A9-ABDB-A83A4B241859} = {EF424B3B-72CE-4D3D-BB3A-E7EFE4E1F83A}
		{D7393481-A332-4C7D-91B9-47D1584A1D88} = {EF424B3B-72CE-4D3D-BB3A-E7EFE4E1F83A}
		{BCA3420C-198F-4C18-B499-89FE79B9F1D6} = {EF424B3B-72CE-4D3D-BB3A-E7EFE4E1F83A}
		{F7BCCAEC-12F9-40D5-BAF1-71116470271B} = {EF424B3B-72CE-4D3D-BB3A-E7EFE4E1F83A}
		{E995FA86-4D85-423C-8804-BA7F50D31E3B} = {EF424B3B-72CE-4D3D-BB3A-E7EFE4E1F83A}
		{7DE7F223-26EA-4028-97FA-08FD68A52AF4} = {EF424B3B-72CE-4D3D-BB3A-E7EFE4E1F83A}
		{DE39F7C0-EE70-4B6A-A34A-7C1233B4DDF5} = {EF424B3B-72CE-4D3D-BB3A-E7EFE4E1F83A}
		{790F98CA-367F-4D75-A9A4-ABD054E875D6} = {EF424B3B-72CE-4D3D-BB3A-E7EFE4E1F83A}
		{1C4E6CF4-494D-4918-AF4E-8F1DAC3C43AD} = {EF424B3B-72CE-4D3D-BB3A-E7EFE4E1F83A}
		{A662349F-38DD-4E9A-A4FB-03C8BCD4DC22} = {EF424B3B-72CE-4D3D-BB3A-E7EFE4E1F83A}
		{36E8A6B4-0E9E-44BD-BEB6-710626F8A0EC} = {EF424B3B-72CE-4D3D-BB3A-E7EFE4E1F83A}
		{33988C0F-BE99-4088-A33D-F5CA44D411CB} = {EF424B3B-72CE-4D3D-BB3A-E7EFE4E1F83A}
		{589BC55C-E09D-4291-806B-838C1C64FC58} = {EF424B3B-72CE-4D3D-BB3A-E7EFE4E1F83A}
		{7F5E332A-C28C-4D14-963C-86873D685340} = {EF424B3B-72CE-4D3D-BB3A-E7EFE4E1F83A}
		{693213A7-C507-49F9-9458-3C3A0C453277} = {EF424B3B-72CE-4D3D-BB3A-E7EFE4E1F83A}
	EndGlobalSection
	GlobalSection(ExtensibilityGlobals) = postSolution
		SolutionGuid = {ACA89CC3-AB6C-4ED0-AE74-F84C9E23B7D0}
	EndGlobalSection
EndGlobal
