
Microsoft Visual Studio Solution File, Format Version 12.00
# Visual Studio Version 17
VisualStudioVersion = 17.9.34607.119
MinimumVisualStudioVersion = 10.0.40219.1
Project("{9A19103F-16F7-4668-BE54-9A1E7A4F7556}") = "Array.Utils", "Array.Utils\Array.Utils.csproj", "{C72ACF89-18D9-4B3D-886E-F735CEF1259D}"
EndProject
Global
	GlobalSection(SolutionConfigurationPlatforms) = preSolution
		Debug|Any CPU = Debug|Any CPU
		Release|Any CPU = Release|Any CPU
	EndGlobalSection
	GlobalSection(ProjectConfigurationPlatforms) = postSolution
		{C72ACF89-18D9-4B3D-886E-F735CEF1259D}.Debug|Any CPU.ActiveCfg = Debug|Any CPU
		{C72ACF89-18D9-4B3D-886E-F735CEF1259D}.Debug|Any CPU.Build.0 = Debug|Any CPU
		{C72ACF89-18D9-4B3D-886E-F735CEF1259D}.Release|Any CPU.ActiveCfg = Release|Any CPU
		{C72ACF89-18D9-4B3D-886E-F735CEF1259D}.Release|Any CPU.Build.0 = Release|Any CPU
	EndGlobalSection
	GlobalSection(SolutionProperties) = preSolution
		HideSolutionNode = FALSE
	EndGlobalSection
	GlobalSection(ExtensibilityGlobals) = postSolution
		SolutionGuid = {1734D2AB-78F1-4AD5-9612-C51F7B207BEA}
	EndGlobalSection
EndGlobal
